
Microsoft Visual Studio Solution File, Format Version 12.00
# Visual Studio Version 17
VisualStudioVersion = 17.5.33424.131
MinimumVisualStudioVersion = 10.0.40219.1
Project("{9A19103F-16F7-4668-BE54-9A1E7A4F7556}") = "myblog", "myblog\myblog.csproj", "{318689EA-33E2-4DFA-A2FB-1D94C4D68F63}"
EndProject
Project("{FAE04EC0-301F-11D3-BF4B-00C04F79EFBC}") = "Entitylayer", "Entitylayer\Entitylayer.csproj", "{C3609083-4A59-4BEB-AF27-8980A051A4BA}"
EndProject
Project("{FAE04EC0-301F-11D3-BF4B-00C04F79EFBC}") = "DataAcsessLayer", "DataAcsessLayer\DataAcsessLayer.csproj", "{25C43567-8454-4248-9633-A16B801EB376}"
EndProject
Project("{FAE04EC0-301F-11D3-BF4B-00C04F79EFBC}") = "BusinessLayer", "BusinessLayer\BusinessLayer.csproj", "{AF33193F-C7DE-429C-B318-154C921BAB3D}"
EndProject
Project("{FAE04EC0-301F-11D3-BF4B-00C04F79EFBC}") = "CoreLayer", "CoreLayer\CoreLayer.csproj", "{420D007D-3AF8-4E4B-9534-89D32E8DF14B}"
EndProject
Global
	GlobalSection(SolutionConfigurationPlatforms) = preSolution
		Debug|Any CPU = Debug|Any CPU
		Release|Any CPU = Release|Any CPU
	EndGlobalSection
	GlobalSection(ProjectConfigurationPlatforms) = postSolution
		{318689EA-33E2-4DFA-A2FB-1D94C4D68F63}.Debug|Any CPU.ActiveCfg = Debug|Any CPU
		{318689EA-33E2-4DFA-A2FB-1D94C4D68F63}.Debug|Any CPU.Build.0 = Debug|Any CPU
		{318689EA-33E2-4DFA-A2FB-1D94C4D68F63}.Release|Any CPU.ActiveCfg = Release|Any CPU
		{318689EA-33E2-4DFA-A2FB-1D94C4D68F63}.Release|Any CPU.Build.0 = Release|Any CPU
		{C3609083-4A59-4BEB-AF27-8980A051A4BA}.Debug|Any CPU.ActiveCfg = Debug|Any CPU
		{C3609083-4A59-4BEB-AF27-8980A051A4BA}.Debug|Any CPU.Build.0 = Debug|Any CPU
		{C3609083-4A59-4BEB-AF27-8980A051A4BA}.Release|Any CPU.ActiveCfg = Release|Any CPU
		{C3609083-4A59-4BEB-AF27-8980A051A4BA}.Release|Any CPU.Build.0 = Release|Any CPU
		{25C43567-8454-4248-9633-A16B801EB376}.Debug|Any CPU.ActiveCfg = Debug|Any CPU
		{25C43567-8454-4248-9633-A16B801EB376}.Debug|Any CPU.Build.0 = Debug|Any CPU
		{25C43567-8454-4248-9633-A16B801EB376}.Release|Any CPU.ActiveCfg = Release|Any CPU
		{25C43567-8454-4248-9633-A16B801EB376}.Release|Any CPU.Build.0 = Release|Any CPU
		{AF33193F-C7DE-429C-B318-154C921BAB3D}.Debug|Any CPU.ActiveCfg = Debug|Any CPU
		{AF33193F-C7DE-429C-B318-154C921BAB3D}.Debug|Any CPU.Build.0 = Debug|Any CPU
		{AF33193F-C7DE-429C-B318-154C921BAB3D}.Release|Any CPU.ActiveCfg = Release|Any CPU
		{AF33193F-C7DE-429C-B318-154C921BAB3D}.Release|Any CPU.Build.0 = Release|Any CPU
		{420D007D-3AF8-4E4B-9534-89D32E8DF14B}.Debug|Any CPU.ActiveCfg = Debug|Any CPU
		{420D007D-3AF8-4E4B-9534-89D32E8DF14B}.Debug|Any CPU.Build.0 = Debug|Any CPU
		{420D007D-3AF8-4E4B-9534-89D32E8DF14B}.Release|Any CPU.ActiveCfg = Release|Any CPU
		{420D007D-3AF8-4E4B-9534-89D32E8DF14B}.Release|Any CPU.Build.0 = Release|Any CPU
	EndGlobalSection
	GlobalSection(SolutionProperties) = preSolution
		HideSolutionNode = FALSE
	EndGlobalSection
	GlobalSection(ExtensibilityGlobals) = postSolution
		SolutionGuid = {A634A3F6-9A90-4A80-A3D6-C0F09F01679E}
	EndGlobalSection
EndGlobal
